<?xml version="1.0" encoding="utf-8"?>
<Project ToolsVersion="4.0" xmlns="http://schemas.microsoft.com/developer/msbuild/2003">
  <ItemGroup>
    <Filter Include="Source Files">
      <UniqueIdentifier>{4FC737F1-C7A5-4376-A066-2A32D752A2FF}</UniqueIdentifier>
      <Extensions>cpp;c;cc;cxx;c++;cppm;ixx;def;odl;idl;hpj;bat;asm;asmx</Extensions>
    </Filter>
    <Filter Include="Header Files">
      <UniqueIdentifier>{93995380-89BD-4b04-88EB-625FBE52EBFB}</UniqueIdentifier>
      <Extensions>h;hh;hpp;hxx;h++;hm;inl;inc;ipp;xsd</Extensions>
    </Filter>
    <Filter Include="Source Files\Animations">
      <UniqueIdentifier>{267cea49-089b-4995-890e-7b0485a46602}</UniqueIdentifier>
    </Filter>
    <Filter Include="Source Files\Shaders">
      <UniqueIdentifier>{56196e5a-de26-44b9-9b3d-f21049ed6ec7}</UniqueIdentifier>
    </Filter>
    <Filter Include="Source Files\Animations\Scale">
      <UniqueIdentifier>{05ae5397-558e-4748-bf78-12304fdecb36}</UniqueIdentifier>
    </Filter>
    <Filter Include="Source Files\Animations\Move">
      <UniqueIdentifier>{fea3056c-d721-413e-afef-73917652ad09}</UniqueIdentifier>
    </Filter>
    <Filter Include="Source Files\Animations\Rotate">
      <UniqueIdentifier>{71598171-1cf2-40d2-a262-a0ca008d28ef}</UniqueIdentifier>
    </Filter>
    <Filter Include="Source Files\PrimitiveMeshes">
      <UniqueIdentifier>{cd2b2473-5338-4f8e-8ffa-0897137f31ed}</UniqueIdentifier>
    </Filter>
    <Filter Include="Header Files\PrimitiveMeshes">
      <UniqueIdentifier>{48e83fb8-7567-45ba-85a2-0d90f320e38f}</UniqueIdentifier>
    </Filter>
    <Filter Include="Source Files\Models">
      <UniqueIdentifier>{09a45c5e-a1d6-40cb-a1c9-b9dffb9d1bfd}</UniqueIdentifier>
    </Filter>
    <Filter Include="Header Files\Models">
      <UniqueIdentifier>{902566a1-66bd-45e5-972d-483675654d0c}</UniqueIdentifier>
    </Filter>
    <Filter Include="Header Files\Animations">
      <UniqueIdentifier>{3cd1b9d6-2d7b-4ce9-af45-1c2d0e4c0c1c}</UniqueIdentifier>
    </Filter>
    <Filter Include="Header Files\Animations\Move">
      <UniqueIdentifier>{03fee516-64e5-4a0e-92a8-db71910ca0fa}</UniqueIdentifier>
    </Filter>
    <Filter Include="Header Files\Animations\Rotate">
      <UniqueIdentifier>{d9b87eba-714a-4305-94c5-bb0cf7aa8bb6}</UniqueIdentifier>
    </Filter>
    <Filter Include="Header Files\Animations\Scale">
      <UniqueIdentifier>{4f269691-f701-47fc-8fa7-e845a17265e9}</UniqueIdentifier>
    </Filter>
  </ItemGroup>
  <ItemGroup>
    <ClCompile Include="main.cpp">
      <Filter>Source Files</Filter>
    </ClCompile>
    <ClCompile Include="Camera.cpp">
      <Filter>Source Files</Filter>
    </ClCompile>
    <ClCompile Include="Entity.cpp">
      <Filter>Source Files</Filter>
    </ClCompile>
    <ClCompile Include="InputHandler.cpp">
      <Filter>Source Files</Filter>
    </ClCompile>
    <ClCompile Include="Object.cpp">
      <Filter>Source Files</Filter>
    </ClCompile>
    <ClCompile Include="PrimitiveMesh.cpp">
      <Filter>Source Files</Filter>
    </ClCompile>
    <ClCompile Include="Transformations.cpp">
      <Filter>Source Files</Filter>
    </ClCompile>
    <ClCompile Include="EnvironmentBuilder.cpp">
      <Filter>Source Files</Filter>
    </ClCompile>
    <ClCompile Include="CameraMode.cpp">
      <Filter>Source Files</Filter>
    </ClCompile>
    <ClCompile Include="Model.cpp">
      <Filter>Source Files</Filter>
    </ClCompile>
    <ClCompile Include="Globals.cpp">
      <Filter>Source Files</Filter>
    </ClCompile>
    <ClCompile Include="Skybox.cpp">
      <Filter>Source Files</Filter>
    </ClCompile>
    <ClCompile Include="Loaders.cpp">
      <Filter>Source Files</Filter>
    </ClCompile>
    <ClCompile Include="stb_image.cpp">
      <Filter>Source Files</Filter>
    </ClCompile>
    <ClCompile Include="shader.cpp">
      <Filter>Source Files</Filter>
    </ClCompile>
    <ClCompile Include="Material.cpp">
      <Filter>Source Files</Filter>
    </ClCompile>
    <ClCompile Include="Animations\Move\TranslateY_Animation.cpp">
      <Filter>Source Files\Animations\Move</Filter>
    </ClCompile>
    <ClCompile Include="Animations\Move\MoveRightAnimation.cpp">
      <Filter>Source Files\Animations\Move</Filter>
    </ClCompile>
    <ClCompile Include="Animations\Move\TranslateZ_Animation.cpp">
      <Filter>Source Files\Animations\Move</Filter>
    </ClCompile>
    <ClCompile Include="Animations\Scale\ScalingAnimation.cpp">
      <Filter>Source Files\Animations\Scale</Filter>
    </ClCompile>
    <ClCompile Include="Animation.cpp">
      <Filter>Source Files</Filter>
    </ClCompile>
    <ClCompile Include="Animations\Rotate\RotationAnimation.cpp">
      <Filter>Source Files\Animations\Rotate</Filter>
    </ClCompile>
    <ClCompile Include="PrimitiveMeshes\Cube.cpp">
      <Filter>Source Files\PrimitiveMeshes</Filter>
    </ClCompile>
    <ClCompile Include="PrimitiveMeshes\Plane.cpp">
      <Filter>Source Files\PrimitiveMeshes</Filter>
    </ClCompile>
    <ClCompile Include="PrimitiveMeshes\Pyramid.cpp">
      <Filter>Source Files\PrimitiveMeshes</Filter>
    </ClCompile>
    <ClCompile Include="Models\House.cpp">
      <Filter>Source Files\Models</Filter>
    </ClCompile>
    <ClCompile Include="Models\TrashBin.cpp">
      <Filter>Source Files\Models</Filter>
    </ClCompile>
    <ClCompile Include="PrimitiveMeshes\TriangularPrism.cpp">
      <Filter>Source Files\PrimitiveMeshes</Filter>
    </ClCompile>
    <ClCompile Include="Models\Tree.cpp">
      <Filter>Source Files\Models</Filter>
    </ClCompile>
    <ClCompile Include="Models\Sidewalk.cpp">
      <Filter>Source Files\Models</Filter>
    </ClCompile>
    <ClCompile Include="Models\Car.cpp">
      <Filter>Source Files\Models</Filter>
    </ClCompile>
    <ClCompile Include="Models\Lamppost.cpp">
      <Filter>Source Files\Models</Filter>
    </ClCompile>
    <ClCompile Include="Animations\Move\MoveLeftAnimation.cpp">
      <Filter>Source Files\Animations\Move</Filter>
    </ClCompile>
  </ItemGroup>
  <ItemGroup>
    <ClInclude Include="Animation.h">
      <Filter>Header Files</Filter>
    </ClInclude>
    <ClInclude Include="Camera.h">
      <Filter>Header Files</Filter>
    </ClInclude>
    <ClInclude Include="Entity.h">
      <Filter>Header Files</Filter>
    </ClInclude>
    <ClInclude Include="InputHandler.h">
      <Filter>Header Files</Filter>
    </ClInclude>
    <ClInclude Include="Object.h">
      <Filter>Header Files</Filter>
    </ClInclude>
    <ClInclude Include="PrimitiveMesh.h">
      <Filter>Header Files</Filter>
    </ClInclude>
    <ClInclude Include="Transformations.h">
      <Filter>Header Files</Filter>
    </ClInclude>
    <ClInclude Include="EnvironmentBuilder.h">
      <Filter>Header Files</Filter>
    </ClInclude>
    <ClInclude Include="CameraMode.h">
      <Filter>Header Files</Filter>
    </ClInclude>
    <ClInclude Include="Model.h">
      <Filter>Header Files</Filter>
    </ClInclude>
    <ClInclude Include="Globals.h">
      <Filter>Header Files</Filter>
    </ClInclude>
    <ClInclude Include="Material.h">
      <Filter>Header Files</Filter>
    </ClInclude>
    <ClInclude Include="Skybox.h">
      <Filter>Header Files</Filter>
    </ClInclude>
    <ClInclude Include="Loaders.h">
      <Filter>Header Files</Filter>
    </ClInclude>
    <ClInclude Include="stb_image.h">
      <Filter>Header Files</Filter>
    </ClInclude>
    <ClInclude Include="shader.h">
      <Filter>Header Files</Filter>
    </ClInclude>
    <ClInclude Include="Animations\Move\MoveRightAnimation.h">
      <Filter>Header Files\Animations\Move</Filter>
    </ClInclude>
    <ClInclude Include="Animations\Move\TranslateY_Animation.h">
      <Filter>Header Files\Animations\Move</Filter>
    </ClInclude>
    <ClInclude Include="Animations\Move\TranslateZ_Animation.h">
      <Filter>Header Files\Animations\Move</Filter>
    </ClInclude>
    <ClInclude Include="Animations\Rotate\RotationAnimation.h">
      <Filter>Header Files\Animations\Rotate</Filter>
    </ClInclude>
    <ClInclude Include="Animations\Scale\ScalingAnimation.h">
      <Filter>Header Files\Animations\Scale</Filter>
    </ClInclude>
    <ClInclude Include="PrimitiveMeshes\Cube.h">
      <Filter>Header Files\PrimitiveMeshes</Filter>
    </ClInclude>
    <ClInclude Include="PrimitiveMeshes\Plane.h">
      <Filter>Header Files\PrimitiveMeshes</Filter>
    </ClInclude>
    <ClInclude Include="PrimitiveMeshes\Pyramid.h">
      <Filter>Header Files\PrimitiveMeshes</Filter>
    </ClInclude>
    <ClInclude Include="Models\House.h">
      <Filter>Header Files\Models</Filter>
    </ClInclude>
    <ClInclude Include="Models\TrashBin.h">
      <Filter>Header Files\Models</Filter>
    </ClInclude>
    <ClInclude Include="PrimitiveMeshes\TriangularPrism.h">
      <Filter>Header Files\PrimitiveMeshes</Filter>
    </ClInclude>
    <ClInclude Include="Models\Tree.h">
      <Filter>Header Files\Models</Filter>
    </ClInclude>
    <ClInclude Include="Models\Sidewalk.h">
      <Filter>Header Files\Models</Filter>
    </ClInclude>
    <ClInclude Include="Models\Car.h">
      <Filter>Header Files\Models</Filter>
    </ClInclude>
    <ClInclude Include="Models\Lamppost.h">
      <Filter>Header Files\Models</Filter>
    </ClInclude>
    <ClInclude Include="Animations\Move\MoveLeftAnimation.h">
      <Filter>Header Files\Animations\Move</Filter>
    </ClInclude>
  </ItemGroup>
  <ItemGroup>
    <None Include="Shaders\basic_shader.frag">
      <Filter>Source Files\Shaders</Filter>
    </None>
    <None Include="Shaders\basic_shader.vert">
      <Filter>Source Files\Shaders</Filter>
    </None>
    <None Include="Shaders\phong_shader.frag">
      <Filter>Source Files\Shaders</Filter>
    </None>
    <None Include="Shaders\phong_shader.vert">
      <Filter>Source Files\Shaders</Filter>
    </None>
    <None Include="Shaders\skybox_shader.frag">
      <Filter>Source Files\Shaders</Filter>
    </None>
    <None Include="Shaders\skybox_shader.vert">
      <Filter>Source Files\Shaders</Filter>
    </None>
  </ItemGroup>
</Project>