<?xml version="1.0" encoding="utf-8"?>
<Project ToolsVersion="4.0" xmlns="http://schemas.microsoft.com/developer/msbuild/2003">
  <ItemGroup>
    <Filter Include="Source Files">
      <UniqueIdentifier>{4FC737F1-C7A5-4376-A066-2A32D752A2FF}</UniqueIdentifier>
      <Extensions>cpp;c;cc;cxx;c++;cppm;ixx;def;odl;idl;hpj;bat;asm;asmx</Extensions>
    </Filter>
    <Filter Include="Header Files">
      <UniqueIdentifier>{93995380-89BD-4b04-88EB-625FBE52EBFB}</UniqueIdentifier>
      <Extensions>h;hh;hpp;hxx;h++;hm;inl;inc;ipp;xsd</Extensions>
    </Filter>
    <Filter Include="Resource Files">
      <UniqueIdentifier>{67DA6AB6-F800-4c08-8B7A-83BB121AAD01}</UniqueIdentifier>
      <Extensions>rc;ico;cur;bmp;dlg;rc2;rct;bin;rgs;gif;jpg;jpeg;jpe;resx;tiff;tif;png;wav;mfcribbon-ms</Extensions>
    </Filter>
    <Filter Include="Source Files\Animations">
      <UniqueIdentifier>{267cea49-089b-4995-890e-7b0485a46602}</UniqueIdentifier>
    </Filter>
    <Filter Include="Source Files\Shaders">
      <UniqueIdentifier>{56196e5a-de26-44b9-9b3d-f21049ed6ec7}</UniqueIdentifier>
    </Filter>
    <Filter Include="Source Files\Shape Classes">
      <UniqueIdentifier>{cab8ee90-6108-4e2b-852f-19018271210d}</UniqueIdentifier>
    </Filter>
  </ItemGroup>
  <ItemGroup>
    <ClCompile Include="main.cpp">
      <Filter>Source Files</Filter>
    </ClCompile>
    <ClCompile Include="Animations\UpDownAnimation.cpp">
      <Filter>Source Files\Animations</Filter>
    </ClCompile>
    <ClCompile Include="Shape Classes\Pyramid.cpp">
      <Filter>Source Files\Shape Classes</Filter>
    </ClCompile>
    <ClCompile Include="Camera.cpp">
      <Filter>Source Files</Filter>
    </ClCompile>
    <ClCompile Include="Entity.cpp">
      <Filter>Source Files</Filter>
    </ClCompile>
    <ClCompile Include="InputHandler.cpp">
      <Filter>Source Files</Filter>
    </ClCompile>
    <ClCompile Include="Object.cpp">
      <Filter>Source Files</Filter>
    </ClCompile>
    <ClCompile Include="Shape.cpp">
      <Filter>Source Files</Filter>
    </ClCompile>
    <ClCompile Include="Transformations.cpp">
      <Filter>Source Files</Filter>
    </ClCompile>
    <ClCompile Include="environment_builder.cpp">
      <Filter>Source Files</Filter>
    </ClCompile>
    <ClCompile Include="Animations\LeftRightAnimation.cpp">
      <Filter>Source Files\Animations</Filter>
    </ClCompile>
    <ClCompile Include="Animations\ScalingToAnimation.cpp">
      <Filter>Source Files\Animations</Filter>
    </ClCompile>
    <ClCompile Include="CameraMode.cpp">
      <Filter>Source Files</Filter>
    </ClCompile>
    <ClCompile Include="Animations\ForwardBackwardAnimation.cpp">
      <Filter>Source Files\Animations</Filter>
    </ClCompile>
    <ClCompile Include="Animations\RotateLeftRightAnimation.cpp">
      <Filter>Source Files\Animations</Filter>
    </ClCompile>
    <ClCompile Include="Mesh.cpp">
      <Filter>Source Files</Filter>
    </ClCompile>
    <ClCompile Include="Shape Classes\Cube.cpp">
      <Filter>Source Files\Shape Classes</Filter>
    </ClCompile>
    <ClCompile Include="Globals.cpp">
      <Filter>Source Files</Filter>
    </ClCompile>
    <ClCompile Include="Shape Classes\Plane.cpp">
      <Filter>Source Files\Shape Classes</Filter>
    </ClCompile>
    <ClCompile Include="Shape Classes\Blokkentoren.cpp">
      <Filter>Source Files\Shape Classes</Filter>
    </ClCompile>
    <ClCompile Include="Skybox.cpp">
      <Filter>Source Files</Filter>
    </ClCompile>
    <ClCompile Include="Loaders.cpp">
      <Filter>Source Files</Filter>
    </ClCompile>
    <ClCompile Include="stb_image.cpp">
      <Filter>Source Files</Filter>
    </ClCompile>
    <ClCompile Include="shader.cpp">
      <Filter>Source Files</Filter>
    </ClCompile>
  </ItemGroup>
  <ItemGroup>
    <ClInclude Include="Animations\UpDownAnimation.h">
      <Filter>Source Files\Animations</Filter>
    </ClInclude>
    <ClInclude Include="Shape Classes\Pyramid.h">
      <Filter>Source Files\Shape Classes</Filter>
    </ClInclude>
    <ClInclude Include="Animation.h">
      <Filter>Header Files</Filter>
    </ClInclude>
    <ClInclude Include="Camera.h">
      <Filter>Header Files</Filter>
    </ClInclude>
    <ClInclude Include="Entity.h">
      <Filter>Header Files</Filter>
    </ClInclude>
    <ClInclude Include="InputHandler.h">
      <Filter>Header Files</Filter>
    </ClInclude>
    <ClInclude Include="Object.h">
      <Filter>Header Files</Filter>
    </ClInclude>
    <ClInclude Include="Shape.h">
      <Filter>Header Files</Filter>
    </ClInclude>
    <ClInclude Include="Transformations.h">
      <Filter>Header Files</Filter>
    </ClInclude>
    <ClInclude Include="environment_builder.h">
      <Filter>Header Files</Filter>
    </ClInclude>
    <ClInclude Include="Animations\LeftRightAnimation.h">
      <Filter>Source Files\Animations</Filter>
    </ClInclude>
    <ClInclude Include="Animations\ScalingToAnimation.h">
      <Filter>Source Files\Animations</Filter>
    </ClInclude>
    <ClInclude Include="CameraMode.h">
      <Filter>Header Files</Filter>
    </ClInclude>
    <ClInclude Include="Animations\ForwardBackwardAnimation.h">
      <Filter>Source Files\Animations</Filter>
    </ClInclude>
    <ClInclude Include="Animations\RotateLeftRightAnimation.h">
      <Filter>Source Files\Animations</Filter>
    </ClInclude>
    <ClInclude Include="Mesh.h">
      <Filter>Header Files</Filter>
    </ClInclude>
    <ClInclude Include="Shape Classes\Cube.h">
      <Filter>Source Files\Shape Classes</Filter>
    </ClInclude>
    <ClInclude Include="Globals.h">
      <Filter>Header Files</Filter>
    </ClInclude>
    <ClInclude Include="Light.h">
      <Filter>Header Files</Filter>
    </ClInclude>
    <ClInclude Include="Shape Classes\Plane.h">
      <Filter>Source Files\Shape Classes</Filter>
    </ClInclude>
    <ClInclude Include="Shape Classes\Blokkentoren.h">
      <Filter>Source Files\Shape Classes</Filter>
    </ClInclude>
    <ClInclude Include="Skybox.h">
      <Filter>Header Files</Filter>
    </ClInclude>
    <ClInclude Include="Loaders.h">
      <Filter>Header Files</Filter>
    </ClInclude>
    <ClInclude Include="stb_image.h">
      <Filter>Header Files</Filter>
    </ClInclude>
    <ClInclude Include="shader.h">
      <Filter>Header Files</Filter>
    </ClInclude>
  </ItemGroup>
  <ItemGroup>
    <None Include="Shaders\basic_shader.frag">
      <Filter>Source Files\Shaders</Filter>
    </None>
    <None Include="Shaders\basic_shader.vert">
      <Filter>Source Files\Shaders</Filter>
    </None>
    <None Include="Shaders\lambert_shader.frag">
      <Filter>Source Files\Shaders</Filter>
    </None>
    <None Include="Shaders\lambert_shader.vert">
      <Filter>Source Files\Shaders</Filter>
    </None>
    <None Include="Shaders\phong_shader.frag">
      <Filter>Source Files\Shaders</Filter>
    </None>
    <None Include="Shaders\phong_shader.vert">
      <Filter>Source Files\Shaders</Filter>
    </None>
    <None Include="Shaders\skybox_shader.frag">
      <Filter>Source Files\Shaders</Filter>
    </None>
    <None Include="Shaders\skybox_shader.vert">
      <Filter>Source Files\Shaders</Filter>
    </None>
    <None Include="Shaders\texture_shader.frag">
      <Filter>Source Files\Shaders</Filter>
    </None>
    <None Include="Shaders\texture_shader.vert">
      <Filter>Source Files\Shaders</Filter>
    </None>
  </ItemGroup>
</Project>